
Microsoft Visual Studio Solution File, Format Version 12.00
# Visual Studio Version 17
VisualStudioVersion = 17.3.32804.467
MinimumVisualStudioVersion = 10.0.40219.1
Project("{FAE04EC0-301F-11D3-BF4B-00C04F79EFBC}") = "Inventory", "Inventory.csproj", "{E5E35C20-3A58-4DEC-8A86-5A8C19FA06D1}"
EndProject
Global
	GlobalSection(SolutionConfigurationPlatforms) = preSolution
		Debug|Any CPU = Debug|Any CPU
		Release|Any CPU = Release|Any CPU
	EndGlobalSection
	GlobalSection(ProjectConfigurationPlatforms) = postSolution
		{E5E35C20-3A58-4DEC-8A86-5A8C19FA06D1}.Debug|Any CPU.ActiveCfg = Debug|Any CPU
		{E5E35C20-3A58-4DEC-8A86-5A8C19FA06D1}.Debug|Any CPU.Build.0 = Debug|Any CPU
		{E5E35C20-3A58-4DEC-8A86-5A8C19FA06D1}.Release|Any CPU.ActiveCfg = Release|Any CPU
		{E5E35C20-3A58-4DEC-8A86-5A8C19FA06D1}.Release|Any CPU.Build.0 = Release|Any CPU
	EndGlobalSection
	GlobalSection(SolutionProperties) = preSolution
		HideSolutionNode = FALSE
	EndGlobalSection
	GlobalSection(ExtensibilityGlobals) = postSolution
		SolutionGuid = {EADFCD91-722F-4668-8F20-E3D29E0B0C88}
	EndGlobalSection
EndGlobal
